
Microsoft Visual Studio Solution File, Format Version 12.00
# Visual Studio Version 17
VisualStudioVersion = 17.1.32210.238
MinimumVisualStudioVersion = 10.0.40219.1
Project("{FAE04EC0-301F-11D3-BF4B-00C04F79EFBC}") = "WordCount", "WordCount\WordCount.csproj", "{CEF8E3C2-D143-43A8-B490-39090D18BD89}"
EndProject
Global
	GlobalSection(SolutionConfigurationPlatforms) = preSolution
		Debug|Any CPU = Debug|Any CPU
		Release|Any CPU = Release|Any CPU
	EndGlobalSection
	GlobalSection(ProjectConfigurationPlatforms) = postSolution
		{CEF8E3C2-D143-43A8-B490-39090D18BD89}.Debug|Any CPU.ActiveCfg = Debug|Any CPU
		{CEF8E3C2-D143-43A8-B490-39090D18BD89}.Debug|Any CPU.Build.0 = Debug|Any CPU
		{CEF8E3C2-D143-43A8-B490-39090D18BD89}.Release|Any CPU.ActiveCfg = Release|Any CPU
		{CEF8E3C2-D143-43A8-B490-39090D18BD89}.Release|Any CPU.Build.0 = Release|Any CPU
	EndGlobalSection
	GlobalSection(SolutionProperties) = preSolution
		HideSolutionNode = FALSE
	EndGlobalSection
	GlobalSection(ExtensibilityGlobals) = postSolution
		SolutionGuid = {50BD190B-B9F7-470C-8580-80B6F354E758}
	EndGlobalSection
EndGlobal
